
Microsoft Visual Studio Solution File, Format Version 12.00
# Visual Studio Version 17
VisualStudioVersion = 17.0.31912.275
MinimumVisualStudioVersion = 10.0.40219.1
Project("{FAE04EC0-301F-11D3-BF4B-00C04F79EFBC}") = "Guacamole_Tools", "Guacamole_Tools\Guacamole_Tools.csproj", "{2E8060B5-C0D2-4641-8132-BDCA193885B2}"
EndProject
Global
	GlobalSection(SolutionConfigurationPlatforms) = preSolution
		Debug|Any CPU = Debug|Any CPU
		Release|Any CPU = Release|Any CPU
	EndGlobalSection
	GlobalSection(ProjectConfigurationPlatforms) = postSolution
		{2E8060B5-C0D2-4641-8132-BDCA193885B2}.Debug|Any CPU.ActiveCfg = Debug|Any CPU
		{2E8060B5-C0D2-4641-8132-BDCA193885B2}.Debug|Any CPU.Build.0 = Debug|Any CPU
		{2E8060B5-C0D2-4641-8132-BDCA193885B2}.Release|Any CPU.ActiveCfg = Release|Any CPU
		{2E8060B5-C0D2-4641-8132-BDCA193885B2}.Release|Any CPU.Build.0 = Release|Any CPU
	EndGlobalSection
	GlobalSection(SolutionProperties) = preSolution
		HideSolutionNode = FALSE
	EndGlobalSection
	GlobalSection(ExtensibilityGlobals) = postSolution
		SolutionGuid = {CB3A6842-EFFF-46E6-8BF9-3F0E273F8CD4}
	EndGlobalSection
EndGlobal
